
Microsoft Visual Studio Solution File, Format Version 12.00
# Visual Studio Version 17
VisualStudioVersion = 17.6.33815.320
MinimumVisualStudioVersion = 10.0.40219.1
Project("{FAE04EC0-301F-11D3-BF4B-00C04F79EFBC}") = "AFSTranslate", "AFSTranslate.csproj", "{72DC9471-8300-4FA3-B23A-E30876FAF28A}"
EndProject
Global
	GlobalSection(SolutionConfigurationPlatforms) = preSolution
		Debug|Any CPU = Debug|Any CPU
		Release|Any CPU = Release|Any CPU
	EndGlobalSection
	GlobalSection(ProjectConfigurationPlatforms) = postSolution
		{72DC9471-8300-4FA3-B23A-E30876FAF28A}.Debug|Any CPU.ActiveCfg = Debug|Any CPU
		{72DC9471-8300-4FA3-B23A-E30876FAF28A}.Debug|Any CPU.Build.0 = Debug|Any CPU
		{72DC9471-8300-4FA3-B23A-E30876FAF28A}.Release|Any CPU.ActiveCfg = Release|Any CPU
		{72DC9471-8300-4FA3-B23A-E30876FAF28A}.Release|Any CPU.Build.0 = Release|Any CPU
	EndGlobalSection
	GlobalSection(SolutionProperties) = preSolution
		HideSolutionNode = FALSE
	EndGlobalSection
	GlobalSection(ExtensibilityGlobals) = postSolution
		SolutionGuid = {173CC941-5216-40B3-847F-C29317E09E2C}
	EndGlobalSection
EndGlobal
